
Microsoft Visual Studio Solution File, Format Version 12.00
# Visual Studio Version 16
VisualStudioVersion = 16.0.30907.101
MinimumVisualStudioVersion = 10.0.40219.1
Project("{FAE04EC0-301F-11D3-BF4B-00C04F79EFBC}") = "TarkovPriceViewer", "TarkovPriceViewer.csproj", "{2229B1A0-C5D1-4B47-B418-49C0F1395EAD}"
EndProject
Global
	GlobalSection(SolutionConfigurationPlatforms) = preSolution
		Debug|x64 = Debug|x64
		Release|x64 = Release|x64
	EndGlobalSection
	GlobalSection(ProjectConfigurationPlatforms) = postSolution
		{2229B1A0-C5D1-4B47-B418-49C0F1395EAD}.Debug|x64.ActiveCfg = Debug|Any CPU
		{2229B1A0-C5D1-4B47-B418-49C0F1395EAD}.Debug|x64.Build.0 = Debug|Any CPU
		{2229B1A0-C5D1-4B47-B418-49C0F1395EAD}.Release|x64.ActiveCfg = Release|Any CPU
		{2229B1A0-C5D1-4B47-B418-49C0F1395EAD}.Release|x64.Build.0 = Release|Any CPU
	EndGlobalSection
	GlobalSection(SolutionProperties) = preSolution
		HideSolutionNode = FALSE
	EndGlobalSection
	GlobalSection(ExtensibilityGlobals) = postSolution
		SolutionGuid = {83252B9F-D5DA-4D13-8DE1-09F36A838C49}
	EndGlobalSection
EndGlobal
